{
  "name": "@tessera/source",
  "version": "1.0.0",
  "lockfileVersion": 3,
  "requires": true,
  "packages": {
    "": {
      "name": "@tessera/source",
      "version": "1.0.0",
      "license": "ISC",
      "workspaces": [
        "apps/*",
        "packages/*"
      ],
      "devDependencies": {
        "@biomejs/biome": "1.8.1",
        "lefthook": "^1.6.16",
        "turbo": "^2.0.4",
        "typescript": "^5.4.5"
      }
    },
    "node_modules/@biomejs/biome": {
      "version": "1.8.1",
      "resolved": "https://registry.npmjs.org/@biomejs/biome/-/biome-1.8.1.tgz",
      "integrity": "sha512-fQXGfvq6DIXem12dGQCM2tNF+vsNHH1qs3C7WeOu75Pd0trduoTmoO7G4ntLJ2qDs5wuw981H+cxQhi1uHnAtA==",
      "dev": true,
      "hasInstallScript": true,
      "bin": {
        "biome": "bin/biome"
      },
      "engines": {
        "node": ">=14.21.3"
      },
      "funding": {
        "type": "opencollective",
        "url": "https://opencollective.com/biome"
      },
      "optionalDependencies": {
        "@biomejs/cli-darwin-arm64": "1.8.1",
        "@biomejs/cli-darwin-x64": "1.8.1",
        "@biomejs/cli-linux-arm64": "1.8.1",
        "@biomejs/cli-linux-arm64-musl": "1.8.1",
        "@biomejs/cli-linux-x64": "1.8.1",
        "@biomejs/cli-linux-x64-musl": "1.8.1",
        "@biomejs/cli-win32-arm64": "1.8.1",
        "@biomejs/cli-win32-x64": "1.8.1"
      }
    },
    "node_modules/@biomejs/cli-darwin-arm64": {
      "version": "1.8.1",
      "resolved": "https://registry.npmjs.org/@biomejs/cli-darwin-arm64/-/cli-darwin-arm64-1.8.1.tgz",
      "integrity": "sha512-XLiB7Uu6GALIOBWzQ2aMD0ru4Ly5/qSeQF7kk3AabzJ/kwsEWSe33iVySBP/SS2qv25cgqNiLksjGcw2bHT3mw==",
      "cpu": [
        "arm64"
      ],
      "dev": true,
      "optional": true,
      "os": [
        "darwin"
      ],
      "engines": {
        "node": ">=14.21.3"
      }
    },
    "node_modules/@biomejs/cli-darwin-x64": {
      "version": "1.8.1",
      "resolved": "https://registry.npmjs.org/@biomejs/cli-darwin-x64/-/cli-darwin-x64-1.8.1.tgz",
      "integrity": "sha512-uMTSxVLMfqkBVqyc25hSn83jBbp+wtWjzM/pHFlKXt3htJuw7FErVGW0nmQ9Sxa9vJ7GcqoltLMl28VQRIMYzg==",
      "cpu": [
        "x64"
      ],
      "dev": true,
      "optional": true,
      "os": [
        "darwin"
      ],
      "engines": {
        "node": ">=14.21.3"
      }
    },
    "node_modules/@biomejs/cli-linux-arm64": {
      "version": "1.8.1",
      "resolved": "https://registry.npmjs.org/@biomejs/cli-linux-arm64/-/cli-linux-arm64-1.8.1.tgz",
      "integrity": "sha512-3SzZRuC/9Oi2P2IBNPsEj0KXxSXUEYRR2kfRF/Ve8QAfGgrt4qnwuWd6QQKKN5R+oYH691qjm+cXBKEcrP1v/Q==",
      "cpu": [
        "arm64"
      ],
      "dev": true,
      "optional": true,
      "os": [
        "linux"
      ],
      "engines": {
        "node": ">=14.21.3"
      }
    },
    "node_modules/@biomejs/cli-linux-arm64-musl": {
      "version": "1.8.1",
      "resolved": "https://registry.npmjs.org/@biomejs/cli-linux-arm64-musl/-/cli-linux-arm64-musl-1.8.1.tgz",
      "integrity": "sha512-UQ8Wc01J0wQL+5AYOc7qkJn20B4PZmQL1KrmDZh7ot0DvD6aX4+8mmfd/dG5b6Zjo/44QvCKcvkFGCMRYuhWZA==",
      "cpu": [
        "arm64"
      ],
      "dev": true,
      "optional": true,
      "os": [
        "linux"
      ],
      "engines": {
        "node": ">=14.21.3"
      }
    },
    "node_modules/@biomejs/cli-linux-x64": {
      "version": "1.8.1",
      "resolved": "https://registry.npmjs.org/@biomejs/cli-linux-x64/-/cli-linux-x64-1.8.1.tgz",
      "integrity": "sha512-AeBycVdNrTzsyYKEOtR2R0Ph0hCD0sCshcp2aOnfGP0hCZbtFg09D0SdKLbyzKntisY41HxKVrydYiaApp+2uw==",
      "cpu": [
        "x64"
      ],
      "dev": true,
      "optional": true,
      "os": [
        "linux"
      ],
      "engines": {
        "node": ">=14.21.3"
      }
    },
    "node_modules/@biomejs/cli-linux-x64-musl": {
      "version": "1.8.1",
      "resolved": "https://registry.npmjs.org/@biomejs/cli-linux-x64-musl/-/cli-linux-x64-musl-1.8.1.tgz",
      "integrity": "sha512-fYbP/kNu/rtZ4kKzWVocIdqZOtBSUEg9qUhZaao3dy3CRzafR6u6KDtBeSCnt47O+iLnks1eOR1TUxzr5+QuqA==",
      "cpu": [
        "x64"
      ],
      "dev": true,
      "optional": true,
      "os": [
        "linux"
      ],
      "engines": {
        "node": ">=14.21.3"
      }
    },
    "node_modules/@biomejs/cli-win32-arm64": {
      "version": "1.8.1",
      "resolved": "https://registry.npmjs.org/@biomejs/cli-win32-arm64/-/cli-win32-arm64-1.8.1.tgz",
      "integrity": "sha512-6tEd1H/iFKpgpE3OIB7oNgW5XkjiVMzMRPL8zYoZ036YfuJ5nMYm9eB9H/y81+8Z76vL48fiYzMPotJwukGPqQ==",
      "cpu": [
        "arm64"
      ],
      "dev": true,
      "optional": true,
      "os": [
        "win32"
      ],
      "engines": {
        "node": ">=14.21.3"
      }
    },
    "node_modules/@biomejs/cli-win32-x64": {
      "version": "1.8.1",
      "resolved": "https://registry.npmjs.org/@biomejs/cli-win32-x64/-/cli-win32-x64-1.8.1.tgz",
      "integrity": "sha512-g2H31jJzYmS4jkvl6TiyEjEX+Nv79a5km/xn+5DARTp5MBFzC9gwceusSSB2AkJKqZzY131AiACAWjKrVt5Ijw==",
      "cpu": [
        "x64"
      ],
      "dev": true,
      "optional": true,
      "os": [
        "win32"
      ],
      "engines": {
        "node": ">=14.21.3"
      }
    },
    "node_modules/lefthook": {
      "version": "1.6.16",
      "resolved": "https://registry.npmjs.org/lefthook/-/lefthook-1.6.16.tgz",
      "integrity": "sha512-KPwx9zyu+LivC8h6v+8CUGMK6TZ9ZqTv326OWFWJFsWXLUffG2uRaolui7b8gCGavJZMl8mYPXvsiNJgn8RolA==",
      "dev": true,
      "hasInstallScript": true,
      "bin": {
        "lefthook": "bin/index.js"
      },
      "optionalDependencies": {
        "lefthook-darwin-arm64": "1.6.16",
        "lefthook-darwin-x64": "1.6.16",
        "lefthook-freebsd-arm64": "1.6.16",
        "lefthook-freebsd-x64": "1.6.16",
        "lefthook-linux-arm64": "1.6.16",
        "lefthook-linux-x64": "1.6.16",
        "lefthook-windows-arm64": "1.6.16",
        "lefthook-windows-x64": "1.6.16"
      }
    },
    "node_modules/lefthook-darwin-arm64": {
      "version": "1.6.16",
      "resolved": "https://registry.npmjs.org/lefthook-darwin-arm64/-/lefthook-darwin-arm64-1.6.16.tgz",
      "integrity": "sha512-VwOegHjdu3jHBUoNsf2k/BUipHs7SpkF861ZQNTkLKqXneLDmiqljkPwruJi688oUC4otNOYJNqoron+DFy4BA==",
      "cpu": [
        "arm64"
      ],
      "dev": true,
      "optional": true,
      "os": [
        "darwin"
      ]
    },
    "node_modules/lefthook-darwin-x64": {
      "version": "1.6.16",
      "resolved": "https://registry.npmjs.org/lefthook-darwin-x64/-/lefthook-darwin-x64-1.6.16.tgz",
      "integrity": "sha512-opl1Yz1F5t11LLnelcu7Bok/1cnYaoCBSPve71jFwAq8W9wwHLbDLHLGLpRUcj5PxUpUkYzfl5RmGoNFLfD44A==",
      "cpu": [
        "x64"
      ],
      "dev": true,
      "optional": true,
      "os": [
        "darwin"
      ]
    },
    "node_modules/lefthook-freebsd-arm64": {
      "version": "1.6.16",
      "resolved": "https://registry.npmjs.org/lefthook-freebsd-arm64/-/lefthook-freebsd-arm64-1.6.16.tgz",
      "integrity": "sha512-MFsGFkNRRtpphTa+gLFt5PwtaBFlgEXVlfhzwUZOZcRT99B2EkvTP8MacOuWeixy0yfIa+kluqonPXBZdQ9f0w==",
      "cpu": [
        "arm64"
      ],
      "dev": true,
      "optional": true,
      "os": [
        "freebsd"
      ]
    },
    "node_modules/lefthook-freebsd-x64": {
      "version": "1.6.16",
      "resolved": "https://registry.npmjs.org/lefthook-freebsd-x64/-/lefthook-freebsd-x64-1.6.16.tgz",
      "integrity": "sha512-4+7StS5Tffzri3Zof3jMm0QvdUgF+vRGIfw31cDydxcSPIXJjJSEKwA2AhMOSPeq1i9MyJmqfFXSsgskHP+dvg==",
      "cpu": [
        "x64"
      ],
      "dev": true,
      "optional": true,
      "os": [
        "freebsd"
      ]
    },
    "node_modules/lefthook-linux-arm64": {
      "version": "1.6.16",
      "resolved": "https://registry.npmjs.org/lefthook-linux-arm64/-/lefthook-linux-arm64-1.6.16.tgz",
      "integrity": "sha512-ytlMhHscl6kSGMRPtl2E+yMll3sLT41lsXUo6HyJ53Eg7fJ7sAhP38QdZBnXqJDZBh0Z21DbWuwaJ2QOgCvNew==",
      "cpu": [
        "arm64"
      ],
      "dev": true,
      "optional": true,
      "os": [
        "linux"
      ]
    },
    "node_modules/lefthook-linux-x64": {
      "version": "1.6.16",
      "resolved": "https://registry.npmjs.org/lefthook-linux-x64/-/lefthook-linux-x64-1.6.16.tgz",
      "integrity": "sha512-te+dZNhFhGRQqKFiSG4zeBcklXBRHNtLHzoGi15vRTZAocLrQkVydd9KGBRPgEvelXJuS4X7dGzuI7ijFVFZqA==",
      "cpu": [
        "x64"
      ],
      "dev": true,
      "optional": true,
      "os": [
        "linux"
      ]
    },
    "node_modules/lefthook-windows-arm64": {
      "version": "1.6.16",
      "resolved": "https://registry.npmjs.org/lefthook-windows-arm64/-/lefthook-windows-arm64-1.6.16.tgz",
      "integrity": "sha512-ip4BuMTdT7lGNo6zfVaoHmROJIrkgUf0LzpI6LpjbVuNPWsM896vEB0pzCj9HXOZtAdqHcLwzA647SDakveUVQ==",
      "cpu": [
        "arm64"
      ],
      "dev": true,
      "optional": true,
      "os": [
        "win32"
      ]
    },
    "node_modules/lefthook-windows-x64": {
      "version": "1.6.16",
      "resolved": "https://registry.npmjs.org/lefthook-windows-x64/-/lefthook-windows-x64-1.6.16.tgz",
      "integrity": "sha512-gsfzmVIXe8sk8JbVcK3JDub1ymcQmdv9UYy+8NkkymJJ98WE6tb29LQatiWmwDhMsn7i2DvhBC/aCTYK4xAlbA==",
      "cpu": [
        "x64"
      ],
      "dev": true,
      "optional": true,
      "os": [
        "win32"
      ]
    },
    "node_modules/turbo": {
      "version": "2.0.4",
      "resolved": "https://registry.npmjs.org/turbo/-/turbo-2.0.4.tgz",
      "integrity": "sha512-Ilme/2Q5kYw0AeRr+aw3s02+WrEYaY7U8vPnqSZU/jaDG/qd6jHVN6nRWyd/9KXvJGYM69vE6JImoGoyNjLwaw==",
      "dev": true,
      "bin": {
        "turbo": "bin/turbo"
      },
      "optionalDependencies": {
        "turbo-darwin-64": "2.0.4",
        "turbo-darwin-arm64": "2.0.4",
        "turbo-linux-64": "2.0.4",
        "turbo-linux-arm64": "2.0.4",
        "turbo-windows-64": "2.0.4",
        "turbo-windows-arm64": "2.0.4"
      }
    },
    "node_modules/turbo-darwin-64": {
      "version": "2.0.4",
      "resolved": "https://registry.npmjs.org/turbo-darwin-64/-/turbo-darwin-64-2.0.4.tgz",
      "integrity": "sha512-x9mvmh4wudBstML8Z8IOmokLWglIhSfhQwnh2gBCSqabgVBKYvzl8Y+i+UCNPxheCGTgtsPepTcIaKBIyFIcvw==",
      "cpu": [
        "x64"
      ],
      "dev": true,
      "optional": true,
      "os": [
        "darwin"
      ]
    },
    "node_modules/turbo-darwin-arm64": {
      "version": "2.0.4",
      "resolved": "https://registry.npmjs.org/turbo-darwin-arm64/-/turbo-darwin-arm64-2.0.4.tgz",
      "integrity": "sha512-/B1Ih8zPRGVw5vw4SlclOf3C/woJ/2T6ieH6u54KT4wypoaVyaiyMqBcziIXycdObIYr7jQ+raHO7q3mhay9/A==",
      "cpu": [
        "arm64"
      ],
      "dev": true,
      "optional": true,
      "os": [
        "darwin"
      ]
    },
    "node_modules/turbo-linux-64": {
      "version": "2.0.4",
      "resolved": "https://registry.npmjs.org/turbo-linux-64/-/turbo-linux-64-2.0.4.tgz",
      "integrity": "sha512-6aG670e5zOWu6RczEYcB81nEl8EhiGJEvWhUrnAfNEUIMBEH1pR5SsMmG2ol5/m3PgiRM12r13dSqTxCLcHrVg==",
      "cpu": [
        "x64"
      ],
      "dev": true,
      "optional": true,
      "os": [
        "linux"
      ]
    },
    "node_modules/turbo-linux-arm64": {
      "version": "2.0.4",
      "resolved": "https://registry.npmjs.org/turbo-linux-arm64/-/turbo-linux-arm64-2.0.4.tgz",
      "integrity": "sha512-AXfVOjst+mCtPDFT4tCu08Qrfv12Nj7NDd33AjGwV79NYN1Y1rcFY59UQ4nO3ij3rbcvV71Xc+TZJ4csEvRCSg==",
      "cpu": [
        "arm64"
      ],
      "dev": true,
      "optional": true,
      "os": [
        "linux"
      ]
    },
    "node_modules/turbo-windows-64": {
      "version": "2.0.4",
      "resolved": "https://registry.npmjs.org/turbo-windows-64/-/turbo-windows-64-2.0.4.tgz",
      "integrity": "sha512-QOnUR9hKl0T5gq5h1fAhVEqBSjpcBi/BbaO71YGQNgsr6pAnCQdbG8/r3MYXet53efM0KTdOhieWeO3KLNKybA==",
      "cpu": [
        "x64"
      ],
      "dev": true,
      "optional": true,
      "os": [
        "win32"
      ]
    },
    "node_modules/turbo-windows-arm64": {
      "version": "2.0.4",
      "resolved": "https://registry.npmjs.org/turbo-windows-arm64/-/turbo-windows-arm64-2.0.4.tgz",
      "integrity": "sha512-3v8WpdZy1AxZw0gha0q3caZmm+0gveBQ40OspD6mxDBIS+oBtO5CkxhIXkFJJW+jDKmDlM7wXDIGfMEq+QyNCQ==",
      "cpu": [
        "arm64"
      ],
      "dev": true,
      "optional": true,
      "os": [
        "win32"
      ]
    },
    "node_modules/typescript": {
      "version": "5.4.5",
      "resolved": "https://registry.npmjs.org/typescript/-/typescript-5.4.5.tgz",
      "integrity": "sha512-vcI4UpRgg81oIRUFwR0WSIHKt11nJ7SAVlYNIu+QpqeyXP+gpQJy/Z4+F0aGxSE4MqwjyXvW/TzgkLAx2AGHwQ==",
      "dev": true,
      "bin": {
        "tsc": "bin/tsc",
        "tsserver": "bin/tsserver"
      },
      "engines": {
        "node": ">=14.17"
      }
    }
  }
}
